// !$*UTF8*$!
{
	archiveVersion = 1;
	classes = {
	};
	objectVersion = 50;
	objects = {

/* Begin PBXBuildFile section */
		381FE48821A4EA990041779E /* ScannedStockItem.swift in Sources */ = {isa = PBXBuildFile; fileRef = 381FE48721A4EA990041779E /* ScannedStockItem.swift */; };
		381FE48A21A514620041779E /* ScannedStockView.swift in Sources */ = {isa = PBXBuildFile; fileRef = 381FE48921A514620041779E /* ScannedStockView.swift */; };
		381FE48C21A514A00041779E /* SimilarStockCell.swift in Sources */ = {isa = PBXBuildFile; fileRef = 381FE48B21A514A00041779E /* SimilarStockCell.swift */; };
		381FE48E21A520CE0041779E /* SimilarStockService.swift in Sources */ = {isa = PBXBuildFile; fileRef = 381FE48D21A520CE0041779E /* SimilarStockService.swift */; };
		3834AD6621A3B3C700C5BA71 /* StockInfoVC.swift in Sources */ = {isa = PBXBuildFile; fileRef = 3834AD6521A3B3C700C5BA71 /* StockInfoVC.swift */; };
		386287D321868D2F0058A164 /* AppDelegate.swift in Sources */ = {isa = PBXBuildFile; fileRef = 386287D221868D2F0058A164 /* AppDelegate.swift */; };
		386287D521868D2F0058A164 /* FirstPageVC.swift in Sources */ = {isa = PBXBuildFile; fileRef = 386287D421868D2F0058A164 /* FirstPageVC.swift */; };
		386287D821868D2F0058A164 /* Main.storyboard in Resources */ = {isa = PBXBuildFile; fileRef = 386287D621868D2F0058A164 /* Main.storyboard */; };
		386287DA21868D320058A164 /* Assets.xcassets in Resources */ = {isa = PBXBuildFile; fileRef = 386287D921868D320058A164 /* Assets.xcassets */; };
		386287DD21868D320058A164 /* LaunchScreen.storyboard in Resources */ = {isa = PBXBuildFile; fileRef = 386287DB21868D320058A164 /* LaunchScreen.storyboard */; };
		386287E521868DDE0058A164 /* ScannerVC.swift in Sources */ = {isa = PBXBuildFile; fileRef = 386287E421868DDE0058A164 /* ScannerVC.swift */; };
		386B351721A39DAF005BB2D9 /* ScannedProduct.swift in Sources */ = {isa = PBXBuildFile; fileRef = 386B351621A39DAF005BB2D9 /* ScannedProduct.swift */; };
		38D20F66218B6EC700553619 /* DataService.swift in Sources */ = {isa = PBXBuildFile; fileRef = 38D20F65218B6EC700553619 /* DataService.swift */; };
		38E36EF02188CC7E002D6A4B /* SignUpVC.swift in Sources */ = {isa = PBXBuildFile; fileRef = 38E36EEF2188CC7E002D6A4B /* SignUpVC.swift */; };
		38E36EF32188CCF7002D6A4B /* LoginVC.swift in Sources */ = {isa = PBXBuildFile; fileRef = 38E36EF22188CCF7002D6A4B /* LoginVC.swift */; };
		38EDD982219A558A00B26869 /* BarcodeService.swift in Sources */ = {isa = PBXBuildFile; fileRef = 38EDD981219A558A00B26869 /* BarcodeService.swift */; };
		7B668ED3218A804100553DE6 /* UpdatePasswordVC.swift in Sources */ = {isa = PBXBuildFile; fileRef = 7B668ED2218A804100553DE6 /* UpdatePasswordVC.swift */; };
		7B668ED5218A8DA200553DE6 /* DeleteAccountVC.swift in Sources */ = {isa = PBXBuildFile; fileRef = 7B668ED4218A8DA200553DE6 /* DeleteAccountVC.swift */; };
/* End PBXBuildFile section */

/* Begin PBXFileReference section */
		381FE48721A4EA990041779E /* ScannedStockItem.swift */ = {isa = PBXFileReference; lastKnownFileType = sourcecode.swift; path = ScannedStockItem.swift; sourceTree = "<group>"; };
		381FE48921A514620041779E /* ScannedStockView.swift */ = {isa = PBXFileReference; lastKnownFileType = sourcecode.swift; path = ScannedStockView.swift; sourceTree = "<group>"; };
		381FE48B21A514A00041779E /* SimilarStockCell.swift */ = {isa = PBXFileReference; lastKnownFileType = sourcecode.swift; path = SimilarStockCell.swift; sourceTree = "<group>"; };
		381FE48D21A520CE0041779E /* SimilarStockService.swift */ = {isa = PBXFileReference; lastKnownFileType = sourcecode.swift; path = SimilarStockService.swift; sourceTree = "<group>"; };
		3834AD6521A3B3C700C5BA71 /* StockInfoVC.swift */ = {isa = PBXFileReference; lastKnownFileType = sourcecode.swift; path = StockInfoVC.swift; sourceTree = "<group>"; };
		386287CF21868D2F0058A164 /* Mundo.app */ = {isa = PBXFileReference; explicitFileType = wrapper.application; includeInIndex = 0; path = Mundo.app; sourceTree = BUILT_PRODUCTS_DIR; };
		386287D221868D2F0058A164 /* AppDelegate.swift */ = {isa = PBXFileReference; lastKnownFileType = sourcecode.swift; path = AppDelegate.swift; sourceTree = "<group>"; };
		386287D421868D2F0058A164 /* FirstPageVC.swift */ = {isa = PBXFileReference; lastKnownFileType = sourcecode.swift; path = FirstPageVC.swift; sourceTree = "<group>"; };
		386287D721868D2F0058A164 /* Base */ = {isa = PBXFileReference; lastKnownFileType = file.storyboard; name = Base; path = Base.lproj/Main.storyboard; sourceTree = "<group>"; };
		386287D921868D320058A164 /* Assets.xcassets */ = {isa = PBXFileReference; lastKnownFileType = folder.assetcatalog; path = Assets.xcassets; sourceTree = "<group>"; };
		386287DC21868D320058A164 /* Base */ = {isa = PBXFileReference; lastKnownFileType = file.storyboard; name = Base; path = Base.lproj/LaunchScreen.storyboard; sourceTree = "<group>"; };
		386287DE21868D320058A164 /* Info.plist */ = {isa = PBXFileReference; lastKnownFileType = text.plist.xml; path = Info.plist; sourceTree = "<group>"; };
		386287E421868DDE0058A164 /* ScannerVC.swift */ = {isa = PBXFileReference; lastKnownFileType = sourcecode.swift; path = ScannerVC.swift; sourceTree = "<group>"; };
		386B351621A39DAF005BB2D9 /* ScannedProduct.swift */ = {isa = PBXFileReference; lastKnownFileType = sourcecode.swift; path = ScannedProduct.swift; sourceTree = "<group>"; };
		38D20F65218B6EC700553619 /* DataService.swift */ = {isa = PBXFileReference; lastKnownFileType = sourcecode.swift; path = DataService.swift; sourceTree = "<group>"; };
		38E36EEF2188CC7E002D6A4B /* SignUpVC.swift */ = {isa = PBXFileReference; lastKnownFileType = sourcecode.swift; path = SignUpVC.swift; sourceTree = "<group>"; };
		38E36EF22188CCF7002D6A4B /* LoginVC.swift */ = {isa = PBXFileReference; lastKnownFileType = sourcecode.swift; path = LoginVC.swift; sourceTree = "<group>"; };
		38EDD981219A558A00B26869 /* BarcodeService.swift */ = {isa = PBXFileReference; lastKnownFileType = sourcecode.swift; path = BarcodeService.swift; sourceTree = "<group>"; };
		7B668ED2218A804100553DE6 /* UpdatePasswordVC.swift */ = {isa = PBXFileReference; lastKnownFileType = sourcecode.swift; path = UpdatePasswordVC.swift; sourceTree = "<group>"; };
		7B668ED4218A8DA200553DE6 /* DeleteAccountVC.swift */ = {isa = PBXFileReference; lastKnownFileType = sourcecode.swift; path = DeleteAccountVC.swift; sourceTree = "<group>"; };
/* End PBXFileReference section */

/* Begin PBXFrameworksBuildPhase section */
		386287CC21868D2F0058A164 /* Frameworks */ = {
			isa = PBXFrameworksBuildPhase;
			buildActionMask = 2147483647;
			files = (
			);
			runOnlyForDeploymentPostprocessing = 0;
		};
/* End PBXFrameworksBuildPhase section */

/* Begin PBXGroup section */
		386287C621868D2F0058A164 = {
			isa = PBXGroup;
			children = (
				386287D121868D2F0058A164 /* Mundo */,
				386287D021868D2F0058A164 /* Products */,
			);
			sourceTree = "<group>";
		};
		386287D021868D2F0058A164 /* Products */ = {
			isa = PBXGroup;
			children = (
				386287CF21868D2F0058A164 /* Mundo.app */,
			);
			name = Products;
			sourceTree = "<group>";
		};
		386287D121868D2F0058A164 /* Mundo */ = {
			isa = PBXGroup;
			children = (
				38D20F64218B6EAE00553619 /* Services */,
				38E36EEC2188CBC5002D6A4B /* Model */,
				38E36EEB2188CBBF002D6A4B /* View */,
				38E36EEA2188CBB5002D6A4B /* Controller */,
				386287D221868D2F0058A164 /* AppDelegate.swift */,
				386287D621868D2F0058A164 /* Main.storyboard */,
				386287D921868D320058A164 /* Assets.xcassets */,
				386287DB21868D320058A164 /* LaunchScreen.storyboard */,
				386287DE21868D320058A164 /* Info.plist */,
			);
			path = Mundo;
			sourceTree = "<group>";
		};
		38D20F64218B6EAE00553619 /* Services */ = {
			isa = PBXGroup;
			children = (
				38D20F65218B6EC700553619 /* DataService.swift */,
				38EDD981219A558A00B26869 /* BarcodeService.swift */,
				381FE48D21A520CE0041779E /* SimilarStockService.swift */,
			);
			path = Services;
			sourceTree = "<group>";
		};
		38E36EEA2188CBB5002D6A4B /* Controller */ = {
			isa = PBXGroup;
			children = (
				38E36EF12188CCB6002D6A4B /* Initial Pages */,
				386287E421868DDE0058A164 /* ScannerVC.swift */,
				3834AD6521A3B3C700C5BA71 /* StockInfoVC.swift */,
			);
			path = Controller;
			sourceTree = "<group>";
		};
		38E36EEB2188CBBF002D6A4B /* View */ = {
			isa = PBXGroup;
			children = (
				381FE48921A514620041779E /* ScannedStockView.swift */,
				381FE48B21A514A00041779E /* SimilarStockCell.swift */,
			);
			path = View;
			sourceTree = "<group>";
		};
		38E36EEC2188CBC5002D6A4B /* Model */ = {
			isa = PBXGroup;
			children = (
				386B351621A39DAF005BB2D9 /* ScannedProduct.swift */,
				381FE48721A4EA990041779E /* ScannedStockItem.swift */,
			);
			path = Model;
			sourceTree = "<group>";
		};
		38E36EF12188CCB6002D6A4B /* Initial Pages */ = {
			isa = PBXGroup;
			children = (
				386287D421868D2F0058A164 /* FirstPageVC.swift */,
				38E36EEF2188CC7E002D6A4B /* SignUpVC.swift */,
				38E36EF22188CCF7002D6A4B /* LoginVC.swift */,
				7B668ED2218A804100553DE6 /* UpdatePasswordVC.swift */,
				7B668ED4218A8DA200553DE6 /* DeleteAccountVC.swift */,
			);
			path = "Initial Pages";
			sourceTree = "<group>";
		};
/* End PBXGroup section */

/* Begin PBXNativeTarget section */
		386287CE21868D2F0058A164 /* Mundo */ = {
			isa = PBXNativeTarget;
			buildConfigurationList = 386287E121868D320058A164 /* Build configuration list for PBXNativeTarget "Mundo" */;
			buildPhases = (
				386287CB21868D2F0058A164 /* Sources */,
				386287CC21868D2F0058A164 /* Frameworks */,
				386287CD21868D2F0058A164 /* Resources */,
			);
			buildRules = (
			);
			dependencies = (
			);
			name = Mundo;
			productName = Mundo;
			productReference = 386287CF21868D2F0058A164 /* Mundo.app */;
			productType = "com.apple.product-type.application";
		};
/* End PBXNativeTarget section */

/* Begin PBXProject section */
		386287C721868D2F0058A164 /* Project object */ = {
			isa = PBXProject;
			attributes = {
				LastSwiftUpdateCheck = 1000;
				LastUpgradeCheck = 1000;
				ORGANIZATIONNAME = "GiveBee, LLC";
				TargetAttributes = {
					386287CE21868D2F0058A164 = {
						CreatedOnToolsVersion = 10.0;
					};
				};
			};
			buildConfigurationList = 386287CA21868D2F0058A164 /* Build configuration list for PBXProject "Mundo" */;
			compatibilityVersion = "Xcode 9.3";
			developmentRegion = en;
			hasScannedForEncodings = 0;
			knownRegions = (
				en,
				Base,
			);
			mainGroup = 386287C621868D2F0058A164;
			productRefGroup = 386287D021868D2F0058A164 /* Products */;
			projectDirPath = "";
			projectRoot = "";
			targets = (
				386287CE21868D2F0058A164 /* Mundo */,
			);
		};
/* End PBXProject section */

/* Begin PBXResourcesBuildPhase section */
		386287CD21868D2F0058A164 /* Resources */ = {
			isa = PBXResourcesBuildPhase;
			buildActionMask = 2147483647;
			files = (
				386287DD21868D320058A164 /* LaunchScreen.storyboard in Resources */,
				386287DA21868D320058A164 /* Assets.xcassets in Resources */,
				386287D821868D2F0058A164 /* Main.storyboard in Resources */,
			);
			runOnlyForDeploymentPostprocessing = 0;
		};
/* End PBXResourcesBuildPhase section */

/* Begin PBXSourcesBuildPhase section */
		386287CB21868D2F0058A164 /* Sources */ = {
			isa = PBXSourcesBuildPhase;
			buildActionMask = 2147483647;
			files = (
				386287E521868DDE0058A164 /* ScannerVC.swift in Sources */,
				386287D521868D2F0058A164 /* FirstPageVC.swift in Sources */,
				7B668ED3218A804100553DE6 /* UpdatePasswordVC.swift in Sources */,
				386B351721A39DAF005BB2D9 /* ScannedProduct.swift in Sources */,
				38E36EF02188CC7E002D6A4B /* SignUpVC.swift in Sources */,
				7B668ED5218A8DA200553DE6 /* DeleteAccountVC.swift in Sources */,
				386287D321868D2F0058A164 /* AppDelegate.swift in Sources */,
				381FE48A21A514620041779E /* ScannedStockView.swift in Sources */,
				38E36EF32188CCF7002D6A4B /* LoginVC.swift in Sources */,
				381FE48821A4EA990041779E /* ScannedStockItem.swift in Sources */,
				381FE48E21A520CE0041779E /* SimilarStockService.swift in Sources */,
				38EDD982219A558A00B26869 /* BarcodeService.swift in Sources */,
				38D20F66218B6EC700553619 /* DataService.swift in Sources */,
				381FE48C21A514A00041779E /* SimilarStockCell.swift in Sources */,
				3834AD6621A3B3C700C5BA71 /* StockInfoVC.swift in Sources */,
			);
			runOnlyForDeploymentPostprocessing = 0;
		};
/* End PBXSourcesBuildPhase section */

/* Begin PBXVariantGroup section */
		386287D621868D2F0058A164 /* Main.storyboard */ = {
			isa = PBXVariantGroup;
			children = (
				386287D721868D2F0058A164 /* Base */,
			);
			name = Main.storyboard;
			sourceTree = "<group>";
		};
		386287DB21868D320058A164 /* LaunchScreen.storyboard */ = {
			isa = PBXVariantGroup;
			children = (
				386287DC21868D320058A164 /* Base */,
			);
			name = LaunchScreen.storyboard;
			sourceTree = "<group>";
		};
/* End PBXVariantGroup section */

/* Begin XCBuildConfiguration section */
		386287DF21868D320058A164 /* Debug */ = {
			isa = XCBuildConfiguration;
			buildSettings = {
				ALWAYS_SEARCH_USER_PATHS = NO;
				CLANG_ANALYZER_NONNULL = YES;
				CLANG_ANALYZER_NUMBER_OBJECT_CONVERSION = YES_AGGRESSIVE;
				CLANG_CXX_LANGUAGE_STANDARD = "gnu++14";
				CLANG_CXX_LIBRARY = "libc++";
				CLANG_ENABLE_MODULES = YES;
				CLANG_ENABLE_OBJC_ARC = YES;
				CLANG_ENABLE_OBJC_WEAK = YES;
				CLANG_WARN_BLOCK_CAPTURE_AUTORELEASING = YES;
				CLANG_WARN_BOOL_CONVERSION = YES;
				CLANG_WARN_COMMA = YES;
				CLANG_WARN_CONSTANT_CONVERSION = YES;
				CLANG_WARN_DEPRECATED_OBJC_IMPLEMENTATIONS = YES;
				CLANG_WARN_DIRECT_OBJC_ISA_USAGE = YES_ERROR;
				CLANG_WARN_DOCUMENTATION_COMMENTS = YES;
				CLANG_WARN_EMPTY_BODY = YES;
				CLANG_WARN_ENUM_CONVERSION = YES;
				CLANG_WARN_INFINITE_RECURSION = YES;
				CLANG_WARN_INT_CONVERSION = YES;
				CLANG_WARN_NON_LITERAL_NULL_CONVERSION = YES;
				CLANG_WARN_OBJC_IMPLICIT_RETAIN_SELF = YES;
				CLANG_WARN_OBJC_LITERAL_CONVERSION = YES;
				CLANG_WARN_OBJC_ROOT_CLASS = YES_ERROR;
				CLANG_WARN_RANGE_LOOP_ANALYSIS = YES;
				CLANG_WARN_STRICT_PROTOTYPES = YES;
				CLANG_WARN_SUSPICIOUS_MOVE = YES;
				CLANG_WARN_UNGUARDED_AVAILABILITY = YES_AGGRESSIVE;
				CLANG_WARN_UNREACHABLE_CODE = YES;
				CLANG_WARN__DUPLICATE_METHOD_MATCH = YES;
				CODE_SIGN_IDENTITY = "iPhone Developer";
				COPY_PHASE_STRIP = NO;
				DEBUG_INFORMATION_FORMAT = dwarf;
				ENABLE_STRICT_OBJC_MSGSEND = YES;
				ENABLE_TESTABILITY = YES;
				GCC_C_LANGUAGE_STANDARD = gnu11;
				GCC_DYNAMIC_NO_PIC = NO;
				GCC_NO_COMMON_BLOCKS = YES;
				GCC_OPTIMIZATION_LEVEL = 0;
				GCC_PREPROCESSOR_DEFINITIONS = (
					"DEBUG=1",
					"$(inherited)",
				);
				GCC_WARN_64_TO_32_BIT_CONVERSION = YES;
				GCC_WARN_ABOUT_RETURN_TYPE = YES_ERROR;
				GCC_WARN_UNDECLARED_SELECTOR = YES;
				GCC_WARN_UNINITIALIZED_AUTOS = YES_AGGRESSIVE;
				GCC_WARN_UNUSED_FUNCTION = YES;
				GCC_WARN_UNUSED_VARIABLE = YES;
				IPHONEOS_DEPLOYMENT_TARGET = 12.0;
				MTL_ENABLE_DEBUG_INFO = INCLUDE_SOURCE;
				MTL_FAST_MATH = YES;
				ONLY_ACTIVE_ARCH = YES;
				SDKROOT = iphoneos;
				SWIFT_ACTIVE_COMPILATION_CONDITIONS = DEBUG;
				SWIFT_OPTIMIZATION_LEVEL = "-Onone";
			};
			name = Debug;
		};
		386287E021868D320058A164 /* Release */ = {
			isa = XCBuildConfiguration;
			buildSettings = {
				ALWAYS_SEARCH_USER_PATHS = NO;
				CLANG_ANALYZER_NONNULL = YES;
				CLANG_ANALYZER_NUMBER_OBJECT_CONVERSION = YES_AGGRESSIVE;
				CLANG_CXX_LANGUAGE_STANDARD = "gnu++14";
				CLANG_CXX_LIBRARY = "libc++";
				CLANG_ENABLE_MODULES = YES;
				CLANG_ENABLE_OBJC_ARC = YES;
				CLANG_ENABLE_OBJC_WEAK = YES;
				CLANG_WARN_BLOCK_CAPTURE_AUTORELEASING = YES;
				CLANG_WARN_BOOL_CONVERSION = YES;
				CLANG_WARN_COMMA = YES;
				CLANG_WARN_CONSTANT_CONVERSION = YES;
				CLANG_WARN_DEPRECATED_OBJC_IMPLEMENTATIONS = YES;
				CLANG_WARN_DIRECT_OBJC_ISA_USAGE = YES_ERROR;
				CLANG_WARN_DOCUMENTATION_COMMENTS = YES;
				CLANG_WARN_EMPTY_BODY = YES;
				CLANG_WARN_ENUM_CONVERSION = YES;
				CLANG_WARN_INFINITE_RECURSION = YES;
				CLANG_WARN_INT_CONVERSION = YES;
				CLANG_WARN_NON_LITERAL_NULL_CONVERSION = YES;
				CLANG_WARN_OBJC_IMPLICIT_RETAIN_SELF = YES;
				CLANG_WARN_OBJC_LITERAL_CONVERSION = YES;
				CLANG_WARN_OBJC_ROOT_CLASS = YES_ERROR;
				CLANG_WARN_RANGE_LOOP_ANALYSIS = YES;
				CLANG_WARN_STRICT_PROTOTYPES = YES;
				CLANG_WARN_SUSPICIOUS_MOVE = YES;
				CLANG_WARN_UNGUARDED_AVAILABILITY = YES_AGGRESSIVE;
				CLANG_WARN_UNREACHABLE_CODE = YES;
				CLANG_WARN__DUPLICATE_METHOD_MATCH = YES;
				CODE_SIGN_IDENTITY = "iPhone Developer";
				COPY_PHASE_STRIP = NO;
				DEBUG_INFORMATION_FORMAT = "dwarf-with-dsym";
				ENABLE_NS_ASSERTIONS = NO;
				ENABLE_STRICT_OBJC_MSGSEND = YES;
				GCC_C_LANGUAGE_STANDARD = gnu11;
				GCC_NO_COMMON_BLOCKS = YES;
				GCC_WARN_64_TO_32_BIT_CONVERSION = YES;
				GCC_WARN_ABOUT_RETURN_TYPE = YES_ERROR;
				GCC_WARN_UNDECLARED_SELECTOR = YES;
				GCC_WARN_UNINITIALIZED_AUTOS = YES_AGGRESSIVE;
				GCC_WARN_UNUSED_FUNCTION = YES;
				GCC_WARN_UNUSED_VARIABLE = YES;
				IPHONEOS_DEPLOYMENT_TARGET = 12.0;
				MTL_ENABLE_DEBUG_INFO = NO;
				MTL_FAST_MATH = YES;
				SDKROOT = iphoneos;
				SWIFT_COMPILATION_MODE = wholemodule;
				SWIFT_OPTIMIZATION_LEVEL = "-O";
				VALIDATE_PRODUCT = YES;
			};
			name = Release;
		};
		386287E221868D320058A164 /* Debug */ = {
			isa = XCBuildConfiguration;
			buildSettings = {
				ASSETCATALOG_COMPILER_APPICON_NAME = AppIcon;
				CODE_SIGN_STYLE = Automatic;
				DEVELOPMENT_TEAM = EK8ZNBX4WM;
				INFOPLIST_FILE = Mundo/Info.plist;
				LD_RUNPATH_SEARCH_PATHS = (
					"$(inherited)",
					"@executable_path/Frameworks",
				);
				PRODUCT_BUNDLE_IDENTIFIER = net.givebee.Mundo;
				PRODUCT_NAME = "$(TARGET_NAME)";
				SWIFT_VERSION = 4.2;
				TARGETED_DEVICE_FAMILY = "1,2";
			};
			name = Debug;
		};
		386287E321868D320058A164 /* Release */ = {
			isa = XCBuildConfiguration;
			buildSettings = {
				ASSETCATALOG_COMPILER_APPICON_NAME = AppIcon;
				CODE_SIGN_STYLE = Automatic;
				DEVELOPMENT_TEAM = EK8ZNBX4WM;
				INFOPLIST_FILE = Mundo/Info.plist;
				LD_RUNPATH_SEARCH_PATHS = (
					"$(inherited)",
					"@executable_path/Frameworks",
				);
				PRODUCT_BUNDLE_IDENTIFIER = net.givebee.Mundo;
				PRODUCT_NAME = "$(TARGET_NAME)";
				SWIFT_VERSION = 4.2;
				TARGETED_DEVICE_FAMILY = "1,2";
			};
			name = Release;
		};
/* End XCBuildConfiguration section */

/* Begin XCConfigurationList section */
		386287CA21868D2F0058A164 /* Build configuration list for PBXProject "Mundo" */ = {
			isa = XCConfigurationList;
			buildConfigurations = (
				386287DF21868D320058A164 /* Debug */,
				386287E021868D320058A164 /* Release */,
			);
			defaultConfigurationIsVisible = 0;
			defaultConfigurationName = Release;
		};
		386287E121868D320058A164 /* Build configuration list for PBXNativeTarget "Mundo" */ = {
			isa = XCConfigurationList;
			buildConfigurations = (
				386287E221868D320058A164 /* Debug */,
				386287E321868D320058A164 /* Release */,
			);
			defaultConfigurationIsVisible = 0;
			defaultConfigurationName = Release;
		};
/* End XCConfigurationList section */
	};
	rootObject = 386287C721868D2F0058A164 /* Project object */;
}
